
Microsoft Visual Studio Solution File, Format Version 12.00
# Visual Studio Version 17
VisualStudioVersion = 17.9.34622.214
MinimumVisualStudioVersion = 10.0.40219.1
Project("{2150E333-8FDC-42A3-9474-1A3956D46DE8}") = "Services", "Services", "{7825F4C6-9DCB-4C6B-8BE5-905EB8295575}"
EndProject
Project("{2150E333-8FDC-42A3-9474-1A3956D46DE8}") = "Catalog", "Catalog", "{E8203BE1-AD42-400F-B621-0C160CD7CA0F}"
EndProject
Project("{FAE04EC0-301F-11D3-BF4B-00C04F79EFBC}") = "MultiShop.Catalog", "Services\Catalog\MultiShop.Catalog\MultiShop.Catalog.csproj", "{209D8167-ADDE-49D0-8279-B1C38E0B359A}"
EndProject
Global
	GlobalSection(SolutionConfigurationPlatforms) = preSolution
		Debug|Any CPU = Debug|Any CPU
		Release|Any CPU = Release|Any CPU
	EndGlobalSection
	GlobalSection(ProjectConfigurationPlatforms) = postSolution
		{209D8167-ADDE-49D0-8279-B1C38E0B359A}.Debug|Any CPU.ActiveCfg = Debug|Any CPU
		{209D8167-ADDE-49D0-8279-B1C38E0B359A}.Debug|Any CPU.Build.0 = Debug|Any CPU
		{209D8167-ADDE-49D0-8279-B1C38E0B359A}.Release|Any CPU.ActiveCfg = Release|Any CPU
		{209D8167-ADDE-49D0-8279-B1C38E0B359A}.Release|Any CPU.Build.0 = Release|Any CPU
	EndGlobalSection
	GlobalSection(SolutionProperties) = preSolution
		HideSolutionNode = FALSE
	EndGlobalSection
	GlobalSection(NestedProjects) = preSolution
		{E8203BE1-AD42-400F-B621-0C160CD7CA0F} = {7825F4C6-9DCB-4C6B-8BE5-905EB8295575}
		{209D8167-ADDE-49D0-8279-B1C38E0B359A} = {E8203BE1-AD42-400F-B621-0C160CD7CA0F}
	EndGlobalSection
	GlobalSection(ExtensibilityGlobals) = postSolution
		SolutionGuid = {A63701BB-2CA2-45D2-BB89-356CB25DAAED}
	EndGlobalSection
EndGlobal
