
Microsoft Visual Studio Solution File, Format Version 12.00
# Visual Studio Version 17
VisualStudioVersion = 17.9.34622.214
MinimumVisualStudioVersion = 10.0.40219.1
Project("{2150E333-8FDC-42A3-9474-1A3956D46DE8}") = "Services", "Services", "{7825F4C6-9DCB-4C6B-8BE5-905EB8295575}"
EndProject
Project("{2150E333-8FDC-42A3-9474-1A3956D46DE8}") = "Catalog", "Catalog", "{E8203BE1-AD42-400F-B621-0C160CD7CA0F}"
EndProject
Project("{9A19103F-16F7-4668-BE54-9A1E7A4F7556}") = "MultiShop.Catalog", "Services\Catalog\MultiShop.Catalog\MultiShop.Catalog.csproj", "{209D8167-ADDE-49D0-8279-B1C38E0B359A}"
EndProject
Project("{2150E333-8FDC-42A3-9474-1A3956D46DE8}") = "Discount", "Discount", "{6287A81E-46FA-4F55-854B-1A279A4270EB}"
EndProject
Project("{9A19103F-16F7-4668-BE54-9A1E7A4F7556}") = "MultiShop.Discount", "Services\Discount\MultiShop.Discount\MultiShop.Discount.csproj", "{6620F5BF-E364-483C-A885-F03B35AFE1DD}"
EndProject
Project("{2150E333-8FDC-42A3-9474-1A3956D46DE8}") = "Order", "Order", "{F61E3E30-7696-4014-801F-4AEA86FE69F4}"
EndProject
Project("{2150E333-8FDC-42A3-9474-1A3956D46DE8}") = "Core", "Core", "{DEE31922-AD20-463D-867D-E7908FDC23A7}"
EndProject
Project("{2150E333-8FDC-42A3-9474-1A3956D46DE8}") = "Infrastructure", "Infrastructure", "{52BCD2E4-D1F8-4A47-8A43-919457257D23}"
EndProject
Project("{2150E333-8FDC-42A3-9474-1A3956D46DE8}") = "Presentation", "Presentation", "{9712B56B-3749-4981-A9B6-30656EC81B81}"
EndProject
Project("{FAE04EC0-301F-11D3-BF4B-00C04F79EFBC}") = "MultiShop.Order.Domain", "Services\Order\Core\MultiShop.Order.Domain\MultiShop.Order.Domain.csproj", "{2A89212D-2EDA-440C-BDB8-5F8C39C54939}"
EndProject
Project("{FAE04EC0-301F-11D3-BF4B-00C04F79EFBC}") = "Multishop.Order.Application", "Services\Order\Core\Multishop.Order.Application\Multishop.Order.Application.csproj", "{42810887-70F2-4597-ACB0-6CBA163954C7}"
EndProject
Project("{FAE04EC0-301F-11D3-BF4B-00C04F79EFBC}") = "MultiShop.Order.Persistence", "Services\Order\Infrastructure\MultiShop.Order.Persistence\MultiShop.Order.Persistence.csproj", "{1CAD2349-CCC4-48A5-A945-C56EF053B226}"
EndProject
Project("{FAE04EC0-301F-11D3-BF4B-00C04F79EFBC}") = "MultiShop.Order.WebApi", "Services\Order\Presentation\MultiShop.Order.WebApi\MultiShop.Order.WebApi.csproj", "{1C52072F-8B24-4C38-BE7B-BC723129E151}"
EndProject
Global
	GlobalSection(SolutionConfigurationPlatforms) = preSolution
		Debug|Any CPU = Debug|Any CPU
		Release|Any CPU = Release|Any CPU
	EndGlobalSection
	GlobalSection(ProjectConfigurationPlatforms) = postSolution
		{209D8167-ADDE-49D0-8279-B1C38E0B359A}.Debug|Any CPU.ActiveCfg = Debug|Any CPU
		{209D8167-ADDE-49D0-8279-B1C38E0B359A}.Debug|Any CPU.Build.0 = Debug|Any CPU
		{209D8167-ADDE-49D0-8279-B1C38E0B359A}.Release|Any CPU.ActiveCfg = Release|Any CPU
		{209D8167-ADDE-49D0-8279-B1C38E0B359A}.Release|Any CPU.Build.0 = Release|Any CPU
		{6620F5BF-E364-483C-A885-F03B35AFE1DD}.Debug|Any CPU.ActiveCfg = Debug|Any CPU
		{6620F5BF-E364-483C-A885-F03B35AFE1DD}.Debug|Any CPU.Build.0 = Debug|Any CPU
		{6620F5BF-E364-483C-A885-F03B35AFE1DD}.Release|Any CPU.ActiveCfg = Release|Any CPU
		{6620F5BF-E364-483C-A885-F03B35AFE1DD}.Release|Any CPU.Build.0 = Release|Any CPU
		{2A89212D-2EDA-440C-BDB8-5F8C39C54939}.Debug|Any CPU.ActiveCfg = Debug|Any CPU
		{2A89212D-2EDA-440C-BDB8-5F8C39C54939}.Debug|Any CPU.Build.0 = Debug|Any CPU
		{2A89212D-2EDA-440C-BDB8-5F8C39C54939}.Release|Any CPU.ActiveCfg = Release|Any CPU
		{2A89212D-2EDA-440C-BDB8-5F8C39C54939}.Release|Any CPU.Build.0 = Release|Any CPU
		{42810887-70F2-4597-ACB0-6CBA163954C7}.Debug|Any CPU.ActiveCfg = Debug|Any CPU
		{42810887-70F2-4597-ACB0-6CBA163954C7}.Debug|Any CPU.Build.0 = Debug|Any CPU
		{42810887-70F2-4597-ACB0-6CBA163954C7}.Release|Any CPU.ActiveCfg = Release|Any CPU
		{42810887-70F2-4597-ACB0-6CBA163954C7}.Release|Any CPU.Build.0 = Release|Any CPU
		{1CAD2349-CCC4-48A5-A945-C56EF053B226}.Debug|Any CPU.ActiveCfg = Debug|Any CPU
		{1CAD2349-CCC4-48A5-A945-C56EF053B226}.Debug|Any CPU.Build.0 = Debug|Any CPU
		{1CAD2349-CCC4-48A5-A945-C56EF053B226}.Release|Any CPU.ActiveCfg = Release|Any CPU
		{1CAD2349-CCC4-48A5-A945-C56EF053B226}.Release|Any CPU.Build.0 = Release|Any CPU
		{1C52072F-8B24-4C38-BE7B-BC723129E151}.Debug|Any CPU.ActiveCfg = Debug|Any CPU
		{1C52072F-8B24-4C38-BE7B-BC723129E151}.Debug|Any CPU.Build.0 = Debug|Any CPU
		{1C52072F-8B24-4C38-BE7B-BC723129E151}.Release|Any CPU.ActiveCfg = Release|Any CPU
		{1C52072F-8B24-4C38-BE7B-BC723129E151}.Release|Any CPU.Build.0 = Release|Any CPU
	EndGlobalSection
	GlobalSection(SolutionProperties) = preSolution
		HideSolutionNode = FALSE
	EndGlobalSection
	GlobalSection(NestedProjects) = preSolution
		{E8203BE1-AD42-400F-B621-0C160CD7CA0F} = {7825F4C6-9DCB-4C6B-8BE5-905EB8295575}
		{209D8167-ADDE-49D0-8279-B1C38E0B359A} = {E8203BE1-AD42-400F-B621-0C160CD7CA0F}
		{6287A81E-46FA-4F55-854B-1A279A4270EB} = {7825F4C6-9DCB-4C6B-8BE5-905EB8295575}
		{6620F5BF-E364-483C-A885-F03B35AFE1DD} = {6287A81E-46FA-4F55-854B-1A279A4270EB}
		{F61E3E30-7696-4014-801F-4AEA86FE69F4} = {7825F4C6-9DCB-4C6B-8BE5-905EB8295575}
		{DEE31922-AD20-463D-867D-E7908FDC23A7} = {F61E3E30-7696-4014-801F-4AEA86FE69F4}
		{52BCD2E4-D1F8-4A47-8A43-919457257D23} = {F61E3E30-7696-4014-801F-4AEA86FE69F4}
		{9712B56B-3749-4981-A9B6-30656EC81B81} = {F61E3E30-7696-4014-801F-4AEA86FE69F4}
		{2A89212D-2EDA-440C-BDB8-5F8C39C54939} = {DEE31922-AD20-463D-867D-E7908FDC23A7}
		{42810887-70F2-4597-ACB0-6CBA163954C7} = {DEE31922-AD20-463D-867D-E7908FDC23A7}
		{1CAD2349-CCC4-48A5-A945-C56EF053B226} = {52BCD2E4-D1F8-4A47-8A43-919457257D23}
		{1C52072F-8B24-4C38-BE7B-BC723129E151} = {9712B56B-3749-4981-A9B6-30656EC81B81}
	EndGlobalSection
	GlobalSection(ExtensibilityGlobals) = postSolution
		SolutionGuid = {A63701BB-2CA2-45D2-BB89-356CB25DAAED}
	EndGlobalSection
EndGlobal
